
Microsoft Visual Studio Solution File, Format Version 12.00
# Visual Studio Version 16
VisualStudioVersion = 16.0.31424.327
MinimumVisualStudioVersion = 10.0.40219.1
Project("{888888A0-9F3D-457C-B088-3A5042F75D52}") = "Day7", "Day7\Day7.pyproj", "{37F968C4-380E-4C65-95B6-C1066FA7781E}"
EndProject
Project("{888888A0-9F3D-457C-B088-3A5042F75D52}") = "Day8", "Day8\Day8.pyproj", "{BF627329-DFC5-40F3-9958-352934DA9F5A}"
EndProject
Global
	GlobalSection(SolutionConfigurationPlatforms) = preSolution
		Debug|Any CPU = Debug|Any CPU
		Release|Any CPU = Release|Any CPU
	EndGlobalSection
	GlobalSection(ProjectConfigurationPlatforms) = postSolution
		{37F968C4-380E-4C65-95B6-C1066FA7781E}.Debug|Any CPU.ActiveCfg = Debug|Any CPU
		{37F968C4-380E-4C65-95B6-C1066FA7781E}.Release|Any CPU.ActiveCfg = Release|Any CPU
		{BF627329-DFC5-40F3-9958-352934DA9F5A}.Debug|Any CPU.ActiveCfg = Debug|Any CPU
		{BF627329-DFC5-40F3-9958-352934DA9F5A}.Release|Any CPU.ActiveCfg = Release|Any CPU
	EndGlobalSection
	GlobalSection(SolutionProperties) = preSolution
		HideSolutionNode = FALSE
	EndGlobalSection
	GlobalSection(ExtensibilityGlobals) = postSolution
		SolutionGuid = {14594637-70A3-4A65-88C1-A230DE182757}
	EndGlobalSection
EndGlobal
